
Microsoft Visual Studio Solution File, Format Version 12.00
# Visual Studio Version 17
VisualStudioVersion = 17.9.34728.123
MinimumVisualStudioVersion = 10.0.40219.1
Project("{FAE04EC0-301F-11D3-BF4B-00C04F79EFBC}") = "SpanSample", "SpanSample.csproj", "{A84C3905-E195-497E-94F1-04B42C86E8E6}"
EndProject
Global
	GlobalSection(SolutionConfigurationPlatforms) = preSolution
		Debug|Any CPU = Debug|Any CPU
		Release|Any CPU = Release|Any CPU
	EndGlobalSection
	GlobalSection(ProjectConfigurationPlatforms) = postSolution
		{A84C3905-E195-497E-94F1-04B42C86E8E6}.Debug|Any CPU.ActiveCfg = Debug|Any CPU
		{A84C3905-E195-497E-94F1-04B42C86E8E6}.Debug|Any CPU.Build.0 = Debug|Any CPU
		{A84C3905-E195-497E-94F1-04B42C86E8E6}.Release|Any CPU.ActiveCfg = Release|Any CPU
		{A84C3905-E195-497E-94F1-04B42C86E8E6}.Release|Any CPU.Build.0 = Release|Any CPU
	EndGlobalSection
	GlobalSection(SolutionProperties) = preSolution
		HideSolutionNode = FALSE
	EndGlobalSection
	GlobalSection(ExtensibilityGlobals) = postSolution
		SolutionGuid = {0761AEB5-10DF-4EA2-AB23-90A14BFFF246}
	EndGlobalSection
EndGlobal
